
Microsoft Visual Studio Solution File, Format Version 12.00
# Visual Studio Version 16
VisualStudioVersion = 16.0.30413.136
MinimumVisualStudioVersion = 10.0.40219.1
Project("{FAE04EC0-301F-11D3-BF4B-00C04F79EFBC}") = "WindowsFormsApp1", "WindowsFormsApp1\WindowsFormsApp1.csproj", "{69507F15-5F82-4A22-8151-E62DD963066D}"
EndProject
Global
	GlobalSection(SolutionConfigurationPlatforms) = preSolution
		Debug|Any CPU = Debug|Any CPU
		Release|Any CPU = Release|Any CPU
	EndGlobalSection
	GlobalSection(ProjectConfigurationPlatforms) = postSolution
		{69507F15-5F82-4A22-8151-E62DD963066D}.Debug|Any CPU.ActiveCfg = Debug|Any CPU
		{69507F15-5F82-4A22-8151-E62DD963066D}.Debug|Any CPU.Build.0 = Debug|Any CPU
		{69507F15-5F82-4A22-8151-E62DD963066D}.Release|Any CPU.ActiveCfg = Release|Any CPU
		{69507F15-5F82-4A22-8151-E62DD963066D}.Release|Any CPU.Build.0 = Release|Any CPU
	EndGlobalSection
	GlobalSection(SolutionProperties) = preSolution
		HideSolutionNode = FALSE
	EndGlobalSection
	GlobalSection(ExtensibilityGlobals) = postSolution
		SolutionGuid = {6DEB1DFE-0CA8-4D57-8CA0-6B5EF4BA83F3}
	EndGlobalSection
EndGlobal
